
Microsoft Visual Studio Solution File, Format Version 12.00
# Visual Studio Version 17
VisualStudioVersion = 17.2.32630.192
MinimumVisualStudioVersion = 10.0.40219.1
Project("{54A90642-561A-4BB1-A94E-469ADEE60C69}") = "PersonTestAngular", "PersonTestAngular\PersonTestAngular.esproj", "{2C6D0984-68AC-4C38-AD44-5ADCA856B838}"
EndProject
Global
	GlobalSection(SolutionConfigurationPlatforms) = preSolution
		Debug|Any CPU = Debug|Any CPU
		Release|Any CPU = Release|Any CPU
	EndGlobalSection
	GlobalSection(ProjectConfigurationPlatforms) = postSolution
		{2C6D0984-68AC-4C38-AD44-5ADCA856B838}.Debug|Any CPU.ActiveCfg = Debug|Any CPU
		{2C6D0984-68AC-4C38-AD44-5ADCA856B838}.Debug|Any CPU.Build.0 = Debug|Any CPU
		{2C6D0984-68AC-4C38-AD44-5ADCA856B838}.Debug|Any CPU.Deploy.0 = Debug|Any CPU
		{2C6D0984-68AC-4C38-AD44-5ADCA856B838}.Release|Any CPU.ActiveCfg = Release|Any CPU
		{2C6D0984-68AC-4C38-AD44-5ADCA856B838}.Release|Any CPU.Build.0 = Release|Any CPU
		{2C6D0984-68AC-4C38-AD44-5ADCA856B838}.Release|Any CPU.Deploy.0 = Release|Any CPU
	EndGlobalSection
	GlobalSection(SolutionProperties) = preSolution
		HideSolutionNode = FALSE
	EndGlobalSection
	GlobalSection(ExtensibilityGlobals) = postSolution
		SolutionGuid = {0DBC36FA-9FC7-4825-8368-9A7A8500F64F}
	EndGlobalSection
EndGlobal
